
Microsoft Visual Studio Solution File, Format Version 12.00
# Visual Studio 2013
VisualStudioVersion = 12.0.30501.0
MinimumVisualStudioVersion = 10.0.40219.1
Project("{FAE04EC0-301F-11D3-BF4B-00C04F79EFBC}") = "Xamarin.Forms.CalendarSampleApp", "Xamarin.Forms.CalendarSampleApp\Xamarin.Forms.CalendarSampleApp.csproj", "{0761BC09-D166-40CA-82AD-C5451F785734}"
EndProject
Project("{FAE04EC0-301F-11D3-BF4B-00C04F79EFBC}") = "Xamarin.Forms.CalendarSampleApp.Android", "Android\Xamarin.Forms.CalendarSampleApp.Android.csproj", "{9C100547-BC55-4B12-B3D3-224C4C4F2118}"
EndProject
Project("{2150E333-8FDC-42A3-9474-1A3956D46DE8}") = "External", "External", "{2C794E71-EA5C-415F-B444-4D70142B3912}"
EndProject
Project("{FAE04EC0-301F-11D3-BF4B-00C04F79EFBC}") = "Xamarin.Forms.Calendar", "..\Xamarin.Forms.Calendar\Xamarin.Forms.Calendar\Xamarin.Forms.Calendar.csproj", "{F382E89E-8745-4AD0-AF1F-F96C461B4CE4}"
EndProject
Project("{FAE04EC0-301F-11D3-BF4B-00C04F79EFBC}") = "Xamarin.Forms.Calendar.Platform.Droid", "..\Xamarin.Forms.Calendar\Xamarin.Forms.Calendar.Platform.Droid\Xamarin.Forms.Calendar.Platform.Droid.csproj", "{48288EC0-CD15-414E-9F72-7E97ECAB92A6}"
EndProject
Project("{FAE04EC0-301F-11D3-BF4B-00C04F79EFBC}") = "Xamarin.Forms.CalendarSampleApp.WP", "Xamarin.Forms.CalendarSampleApp.WP\Xamarin.Forms.CalendarSampleApp.WP.csproj", "{4DF253E8-A110-4F62-915A-516311B406D6}"
EndProject
Project("{FAE04EC0-301F-11D3-BF4B-00C04F79EFBC}") = "Xamarin.Forms.Calendar.Platform.WP", "..\Xamarin.Forms.Calendar\Xamarin.Forms.Calendar.Platform.WP\Xamarin.Forms.Calendar.Platform.WP.csproj", "{9C2F1ACE-DB47-465A-B05E-4637177A5387}"
EndProject
Project("{FAE04EC0-301F-11D3-BF4B-00C04F79EFBC}") = "Xamarin.Forms.CalendarSampleApp.iOS", "iOS\Xamarin.Forms.CalendarSampleApp.iOS.csproj", "{AAE5BE13-8721-4822-A955-DC224EFB4694}"
EndProject
Project("{FAE04EC0-301F-11D3-BF4B-00C04F79EFBC}") = "Xamarin.Forms.Calendar.Platform.iOS", "..\Xamarin.Forms.Calendar\Xamarin.Forms.Calendar.Platform.iOS\Xamarin.Forms.Calendar.Platform.iOS.csproj", "{181E1100-93C9-45F3-9B3E-36FB491EDACA}"
EndProject
Global
	GlobalSection(SolutionConfigurationPlatforms) = preSolution
		Ad-Hoc|Any CPU = Ad-Hoc|Any CPU
		Ad-Hoc|ARM = Ad-Hoc|ARM
		Ad-Hoc|iPhone = Ad-Hoc|iPhone
		Ad-Hoc|iPhoneSimulator = Ad-Hoc|iPhoneSimulator
		Ad-Hoc|Mixed Platforms = Ad-Hoc|Mixed Platforms
		Ad-Hoc|x86 = Ad-Hoc|x86
		AppStore|Any CPU = AppStore|Any CPU
		AppStore|ARM = AppStore|ARM
		AppStore|iPhone = AppStore|iPhone
		AppStore|iPhoneSimulator = AppStore|iPhoneSimulator
		AppStore|Mixed Platforms = AppStore|Mixed Platforms
		AppStore|x86 = AppStore|x86
		Debug|Any CPU = Debug|Any CPU
		Debug|ARM = Debug|ARM
		Debug|iPhone = Debug|iPhone
		Debug|iPhoneSimulator = Debug|iPhoneSimulator
		Debug|Mixed Platforms = Debug|Mixed Platforms
		Debug|x86 = Debug|x86
		Release|Any CPU = Release|Any CPU
		Release|ARM = Release|ARM
		Release|iPhone = Release|iPhone
		Release|iPhoneSimulator = Release|iPhoneSimulator
		Release|Mixed Platforms = Release|Mixed Platforms
		Release|x86 = Release|x86
	EndGlobalSection
	GlobalSection(ProjectConfigurationPlatforms) = postSolution
		{0761BC09-D166-40CA-82AD-C5451F785734}.Ad-Hoc|Any CPU.ActiveCfg = Release|Any CPU
		{0761BC09-D166-40CA-82AD-C5451F785734}.Ad-Hoc|Any CPU.Build.0 = Release|Any CPU
		{0761BC09-D166-40CA-82AD-C5451F785734}.Ad-Hoc|ARM.ActiveCfg = Release|Any CPU
		{0761BC09-D166-40CA-82AD-C5451F785734}.Ad-Hoc|iPhone.ActiveCfg = Debug|Any CPU
		{0761BC09-D166-40CA-82AD-C5451F785734}.Ad-Hoc|iPhone.Build.0 = Debug|Any CPU
		{0761BC09-D166-40CA-82AD-C5451F785734}.Ad-Hoc|iPhoneSimulator.ActiveCfg = Release|Any CPU
		{0761BC09-D166-40CA-82AD-C5451F785734}.Ad-Hoc|Mixed Platforms.ActiveCfg = Release|Any CPU
		{0761BC09-D166-40CA-82AD-C5451F785734}.Ad-Hoc|Mixed Platforms.Build.0 = Release|Any CPU
		{0761BC09-D166-40CA-82AD-C5451F785734}.Ad-Hoc|x86.ActiveCfg = Release|Any CPU
		{0761BC09-D166-40CA-82AD-C5451F785734}.AppStore|Any CPU.ActiveCfg = Release|Any CPU
		{0761BC09-D166-40CA-82AD-C5451F785734}.AppStore|Any CPU.Build.0 = Release|Any CPU
		{0761BC09-D166-40CA-82AD-C5451F785734}.AppStore|ARM.ActiveCfg = Release|Any CPU
		{0761BC09-D166-40CA-82AD-C5451F785734}.AppStore|iPhone.ActiveCfg = Debug|Any CPU
		{0761BC09-D166-40CA-82AD-C5451F785734}.AppStore|iPhone.Build.0 = Debug|Any CPU
		{0761BC09-D166-40CA-82AD-C5451F785734}.AppStore|iPhoneSimulator.ActiveCfg = Release|Any CPU
		{0761BC09-D166-40CA-82AD-C5451F785734}.AppStore|Mixed Platforms.ActiveCfg = Release|Any CPU
		{0761BC09-D166-40CA-82AD-C5451F785734}.AppStore|Mixed Platforms.Build.0 = Release|Any CPU
		{0761BC09-D166-40CA-82AD-C5451F785734}.AppStore|x86.ActiveCfg = Release|Any CPU
		{0761BC09-D166-40CA-82AD-C5451F785734}.Debug|Any CPU.ActiveCfg = Debug|Any CPU
		{0761BC09-D166-40CA-82AD-C5451F785734}.Debug|Any CPU.Build.0 = Debug|Any CPU
		{0761BC09-D166-40CA-82AD-C5451F785734}.Debug|ARM.ActiveCfg = Debug|Any CPU
		{0761BC09-D166-40CA-82AD-C5451F785734}.Debug|iPhone.ActiveCfg = Debug|Any CPU
		{0761BC09-D166-40CA-82AD-C5451F785734}.Debug|iPhone.Build.0 = Debug|Any CPU
		{0761BC09-D166-40CA-82AD-C5451F785734}.Debug|iPhoneSimulator.ActiveCfg = Debug|Any CPU
		{0761BC09-D166-40CA-82AD-C5451F785734}.Debug|iPhoneSimulator.Build.0 = Debug|Any CPU
		{0761BC09-D166-40CA-82AD-C5451F785734}.Debug|Mixed Platforms.ActiveCfg = Debug|Any CPU
		{0761BC09-D166-40CA-82AD-C5451F785734}.Debug|Mixed Platforms.Build.0 = Debug|Any CPU
		{0761BC09-D166-40CA-82AD-C5451F785734}.Debug|x86.ActiveCfg = Debug|Any CPU
		{0761BC09-D166-40CA-82AD-C5451F785734}.Release|Any CPU.ActiveCfg = Release|Any CPU
		{0761BC09-D166-40CA-82AD-C5451F785734}.Release|Any CPU.Build.0 = Release|Any CPU
		{0761BC09-D166-40CA-82AD-C5451F785734}.Release|ARM.ActiveCfg = Release|Any CPU
		{0761BC09-D166-40CA-82AD-C5451F785734}.Release|iPhone.ActiveCfg = Release|Any CPU
		{0761BC09-D166-40CA-82AD-C5451F785734}.Release|iPhone.Build.0 = Release|Any CPU
		{0761BC09-D166-40CA-82AD-C5451F785734}.Release|iPhoneSimulator.ActiveCfg = Release|Any CPU
		{0761BC09-D166-40CA-82AD-C5451F785734}.Release|iPhoneSimulator.Build.0 = Release|Any CPU
		{0761BC09-D166-40CA-82AD-C5451F785734}.Release|Mixed Platforms.ActiveCfg = Release|Any CPU
		{0761BC09-D166-40CA-82AD-C5451F785734}.Release|Mixed Platforms.Build.0 = Release|Any CPU
		{0761BC09-D166-40CA-82AD-C5451F785734}.Release|x86.ActiveCfg = Release|Any CPU
		{9C100547-BC55-4B12-B3D3-224C4C4F2118}.Ad-Hoc|Any CPU.ActiveCfg = Release|Any CPU
		{9C100547-BC55-4B12-B3D3-224C4C4F2118}.Ad-Hoc|Any CPU.Build.0 = Release|Any CPU
		{9C100547-BC55-4B12-B3D3-224C4C4F2118}.Ad-Hoc|Any CPU.Deploy.0 = Release|Any CPU
		{9C100547-BC55-4B12-B3D3-224C4C4F2118}.Ad-Hoc|ARM.ActiveCfg = Release|Any CPU
		{9C100547-BC55-4B12-B3D3-224C4C4F2118}.Ad-Hoc|iPhone.ActiveCfg = Debug|Any CPU
		{9C100547-BC55-4B12-B3D3-224C4C4F2118}.Ad-Hoc|iPhone.Build.0 = Debug|Any CPU
		{9C100547-BC55-4B12-B3D3-224C4C4F2118}.Ad-Hoc|iPhoneSimulator.ActiveCfg = Release|Any CPU
		{9C100547-BC55-4B12-B3D3-224C4C4F2118}.Ad-Hoc|Mixed Platforms.ActiveCfg = Release|Any CPU
		{9C100547-BC55-4B12-B3D3-224C4C4F2118}.Ad-Hoc|Mixed Platforms.Build.0 = Release|Any CPU
		{9C100547-BC55-4B12-B3D3-224C4C4F2118}.Ad-Hoc|Mixed Platforms.Deploy.0 = Release|Any CPU
		{9C100547-BC55-4B12-B3D3-224C4C4F2118}.Ad-Hoc|x86.ActiveCfg = Release|Any CPU
		{9C100547-BC55-4B12-B3D3-224C4C4F2118}.AppStore|Any CPU.ActiveCfg = Release|Any CPU
		{9C100547-BC55-4B12-B3D3-224C4C4F2118}.AppStore|Any CPU.Build.0 = Release|Any CPU
		{9C100547-BC55-4B12-B3D3-224C4C4F2118}.AppStore|Any CPU.Deploy.0 = Release|Any CPU
		{9C100547-BC55-4B12-B3D3-224C4C4F2118}.AppStore|ARM.ActiveCfg = Release|Any CPU
		{9C100547-BC55-4B12-B3D3-224C4C4F2118}.AppStore|iPhone.ActiveCfg = Debug|Any CPU
		{9C100547-BC55-4B12-B3D3-224C4C4F2118}.AppStore|iPhone.Build.0 = Debug|Any CPU
		{9C100547-BC55-4B12-B3D3-224C4C4F2118}.AppStore|iPhoneSimulator.ActiveCfg = Release|Any CPU
		{9C100547-BC55-4B12-B3D3-224C4C4F2118}.AppStore|Mixed Platforms.ActiveCfg = Release|Any CPU
		{9C100547-BC55-4B12-B3D3-224C4C4F2118}.AppStore|Mixed Platforms.Build.0 = Release|Any CPU
		{9C100547-BC55-4B12-B3D3-224C4C4F2118}.AppStore|Mixed Platforms.Deploy.0 = Release|Any CPU
		{9C100547-BC55-4B12-B3D3-224C4C4F2118}.AppStore|x86.ActiveCfg = Release|Any CPU
		{9C100547-BC55-4B12-B3D3-224C4C4F2118}.Debug|Any CPU.ActiveCfg = Debug|Any CPU
		{9C100547-BC55-4B12-B3D3-224C4C4F2118}.Debug|Any CPU.Build.0 = Debug|Any CPU
		{9C100547-BC55-4B12-B3D3-224C4C4F2118}.Debug|ARM.ActiveCfg = Debug|Any CPU
		{9C100547-BC55-4B12-B3D3-224C4C4F2118}.Debug|iPhone.ActiveCfg = Debug|Any CPU
		{9C100547-BC55-4B12-B3D3-224C4C4F2118}.Debug|iPhone.Build.0 = Debug|Any CPU
		{9C100547-BC55-4B12-B3D3-224C4C4F2118}.Debug|iPhoneSimulator.ActiveCfg = Debug|Any CPU
		{9C100547-BC55-4B12-B3D3-224C4C4F2118}.Debug|iPhoneSimulator.Build.0 = Debug|Any CPU
		{9C100547-BC55-4B12-B3D3-224C4C4F2118}.Debug|Mixed Platforms.ActiveCfg = Debug|Any CPU
		{9C100547-BC55-4B12-B3D3-224C4C4F2118}.Debug|Mixed Platforms.Build.0 = Debug|Any CPU
		{9C100547-BC55-4B12-B3D3-224C4C4F2118}.Debug|Mixed Platforms.Deploy.0 = Debug|Any CPU
		{9C100547-BC55-4B12-B3D3-224C4C4F2118}.Debug|x86.ActiveCfg = Debug|Any CPU
		{9C100547-BC55-4B12-B3D3-224C4C4F2118}.Release|Any CPU.ActiveCfg = Release|Any CPU
		{9C100547-BC55-4B12-B3D3-224C4C4F2118}.Release|Any CPU.Build.0 = Release|Any CPU
		{9C100547-BC55-4B12-B3D3-224C4C4F2118}.Release|ARM.ActiveCfg = Release|Any CPU
		{9C100547-BC55-4B12-B3D3-224C4C4F2118}.Release|iPhone.ActiveCfg = Release|Any CPU
		{9C100547-BC55-4B12-B3D3-224C4C4F2118}.Release|iPhone.Build.0 = Release|Any CPU
		{9C100547-BC55-4B12-B3D3-224C4C4F2118}.Release|iPhoneSimulator.ActiveCfg = Release|Any CPU
		{9C100547-BC55-4B12-B3D3-224C4C4F2118}.Release|iPhoneSimulator.Build.0 = Release|Any CPU
		{9C100547-BC55-4B12-B3D3-224C4C4F2118}.Release|Mixed Platforms.ActiveCfg = Release|Any CPU
		{9C100547-BC55-4B12-B3D3-224C4C4F2118}.Release|Mixed Platforms.Build.0 = Release|Any CPU
		{9C100547-BC55-4B12-B3D3-224C4C4F2118}.Release|Mixed Platforms.Deploy.0 = Release|Any CPU
		{9C100547-BC55-4B12-B3D3-224C4C4F2118}.Release|x86.ActiveCfg = Release|Any CPU
		{F382E89E-8745-4AD0-AF1F-F96C461B4CE4}.Ad-Hoc|Any CPU.ActiveCfg = Release|Any CPU
		{F382E89E-8745-4AD0-AF1F-F96C461B4CE4}.Ad-Hoc|Any CPU.Build.0 = Release|Any CPU
		{F382E89E-8745-4AD0-AF1F-F96C461B4CE4}.Ad-Hoc|ARM.ActiveCfg = Release|Any CPU
		{F382E89E-8745-4AD0-AF1F-F96C461B4CE4}.Ad-Hoc|iPhone.ActiveCfg = Debug|Any CPU
		{F382E89E-8745-4AD0-AF1F-F96C461B4CE4}.Ad-Hoc|iPhone.Build.0 = Debug|Any CPU
		{F382E89E-8745-4AD0-AF1F-F96C461B4CE4}.Ad-Hoc|iPhoneSimulator.ActiveCfg = Release|Any CPU
		{F382E89E-8745-4AD0-AF1F-F96C461B4CE4}.Ad-Hoc|Mixed Platforms.ActiveCfg = Release|Any CPU
		{F382E89E-8745-4AD0-AF1F-F96C461B4CE4}.Ad-Hoc|Mixed Platforms.Build.0 = Release|Any CPU
		{F382E89E-8745-4AD0-AF1F-F96C461B4CE4}.Ad-Hoc|x86.ActiveCfg = Release|Any CPU
		{F382E89E-8745-4AD0-AF1F-F96C461B4CE4}.AppStore|Any CPU.ActiveCfg = Release|Any CPU
		{F382E89E-8745-4AD0-AF1F-F96C461B4CE4}.AppStore|Any CPU.Build.0 = Release|Any CPU
		{F382E89E-8745-4AD0-AF1F-F96C461B4CE4}.AppStore|ARM.ActiveCfg = Release|Any CPU
		{F382E89E-8745-4AD0-AF1F-F96C461B4CE4}.AppStore|iPhone.ActiveCfg = Debug|Any CPU
		{F382E89E-8745-4AD0-AF1F-F96C461B4CE4}.AppStore|iPhone.Build.0 = Debug|Any CPU
		{F382E89E-8745-4AD0-AF1F-F96C461B4CE4}.AppStore|iPhoneSimulator.ActiveCfg = Release|Any CPU
		{F382E89E-8745-4AD0-AF1F-F96C461B4CE4}.AppStore|Mixed Platforms.ActiveCfg = Release|Any CPU
		{F382E89E-8745-4AD0-AF1F-F96C461B4CE4}.AppStore|Mixed Platforms.Build.0 = Release|Any CPU
		{F382E89E-8745-4AD0-AF1F-F96C461B4CE4}.AppStore|x86.ActiveCfg = Release|Any CPU
		{F382E89E-8745-4AD0-AF1F-F96C461B4CE4}.Debug|Any CPU.ActiveCfg = Debug|Any CPU
		{F382E89E-8745-4AD0-AF1F-F96C461B4CE4}.Debug|Any CPU.Build.0 = Debug|Any CPU
		{F382E89E-8745-4AD0-AF1F-F96C461B4CE4}.Debug|ARM.ActiveCfg = Debug|Any CPU
		{F382E89E-8745-4AD0-AF1F-F96C461B4CE4}.Debug|iPhone.ActiveCfg = Debug|Any CPU
		{F382E89E-8745-4AD0-AF1F-F96C461B4CE4}.Debug|iPhone.Build.0 = Debug|Any CPU
		{F382E89E-8745-4AD0-AF1F-F96C461B4CE4}.Debug|iPhoneSimulator.ActiveCfg = Debug|Any CPU
		{F382E89E-8745-4AD0-AF1F-F96C461B4CE4}.Debug|iPhoneSimulator.Build.0 = Debug|Any CPU
		{F382E89E-8745-4AD0-AF1F-F96C461B4CE4}.Debug|Mixed Platforms.ActiveCfg = Debug|Any CPU
		{F382E89E-8745-4AD0-AF1F-F96C461B4CE4}.Debug|Mixed Platforms.Build.0 = Debug|Any CPU
		{F382E89E-8745-4AD0-AF1F-F96C461B4CE4}.Debug|x86.ActiveCfg = Debug|Any CPU
		{F382E89E-8745-4AD0-AF1F-F96C461B4CE4}.Release|Any CPU.ActiveCfg = Release|Any CPU
		{F382E89E-8745-4AD0-AF1F-F96C461B4CE4}.Release|Any CPU.Build.0 = Release|Any CPU
		{F382E89E-8745-4AD0-AF1F-F96C461B4CE4}.Release|ARM.ActiveCfg = Release|Any CPU
		{F382E89E-8745-4AD0-AF1F-F96C461B4CE4}.Release|iPhone.ActiveCfg = Release|Any CPU
		{F382E89E-8745-4AD0-AF1F-F96C461B4CE4}.Release|iPhone.Build.0 = Release|Any CPU
		{F382E89E-8745-4AD0-AF1F-F96C461B4CE4}.Release|iPhoneSimulator.ActiveCfg = Release|Any CPU
		{F382E89E-8745-4AD0-AF1F-F96C461B4CE4}.Release|iPhoneSimulator.Build.0 = Release|Any CPU
		{F382E89E-8745-4AD0-AF1F-F96C461B4CE4}.Release|Mixed Platforms.ActiveCfg = Release|Any CPU
		{F382E89E-8745-4AD0-AF1F-F96C461B4CE4}.Release|Mixed Platforms.Build.0 = Release|Any CPU
		{F382E89E-8745-4AD0-AF1F-F96C461B4CE4}.Release|x86.ActiveCfg = Release|Any CPU
		{48288EC0-CD15-414E-9F72-7E97ECAB92A6}.Ad-Hoc|Any CPU.ActiveCfg = Release|Any CPU
		{48288EC0-CD15-414E-9F72-7E97ECAB92A6}.Ad-Hoc|Any CPU.Build.0 = Release|Any CPU
		{48288EC0-CD15-414E-9F72-7E97ECAB92A6}.Ad-Hoc|Any CPU.Deploy.0 = Release|Any CPU
		{48288EC0-CD15-414E-9F72-7E97ECAB92A6}.Ad-Hoc|ARM.ActiveCfg = Release|Any CPU
		{48288EC0-CD15-414E-9F72-7E97ECAB92A6}.Ad-Hoc|iPhone.ActiveCfg = Debug|Any CPU
		{48288EC0-CD15-414E-9F72-7E97ECAB92A6}.Ad-Hoc|iPhone.Build.0 = Debug|Any CPU
		{48288EC0-CD15-414E-9F72-7E97ECAB92A6}.Ad-Hoc|iPhoneSimulator.ActiveCfg = Release|Any CPU
		{48288EC0-CD15-414E-9F72-7E97ECAB92A6}.Ad-Hoc|Mixed Platforms.ActiveCfg = Release|Any CPU
		{48288EC0-CD15-414E-9F72-7E97ECAB92A6}.Ad-Hoc|Mixed Platforms.Build.0 = Release|Any CPU
		{48288EC0-CD15-414E-9F72-7E97ECAB92A6}.Ad-Hoc|Mixed Platforms.Deploy.0 = Release|Any CPU
		{48288EC0-CD15-414E-9F72-7E97ECAB92A6}.Ad-Hoc|x86.ActiveCfg = Release|Any CPU
		{48288EC0-CD15-414E-9F72-7E97ECAB92A6}.AppStore|Any CPU.ActiveCfg = Release|Any CPU
		{48288EC0-CD15-414E-9F72-7E97ECAB92A6}.AppStore|Any CPU.Build.0 = Release|Any CPU
		{48288EC0-CD15-414E-9F72-7E97ECAB92A6}.AppStore|Any CPU.Deploy.0 = Release|Any CPU
		{48288EC0-CD15-414E-9F72-7E97ECAB92A6}.AppStore|ARM.ActiveCfg = Release|Any CPU
		{48288EC0-CD15-414E-9F72-7E97ECAB92A6}.AppStore|iPhone.ActiveCfg = Debug|Any CPU
		{48288EC0-CD15-414E-9F72-7E97ECAB92A6}.AppStore|iPhone.Build.0 = Debug|Any CPU
		{48288EC0-CD15-414E-9F72-7E97ECAB92A6}.AppStore|iPhoneSimulator.ActiveCfg = Release|Any CPU
		{48288EC0-CD15-414E-9F72-7E97ECAB92A6}.AppStore|Mixed Platforms.ActiveCfg = Release|Any CPU
		{48288EC0-CD15-414E-9F72-7E97ECAB92A6}.AppStore|Mixed Platforms.Build.0 = Release|Any CPU
		{48288EC0-CD15-414E-9F72-7E97ECAB92A6}.AppStore|Mixed Platforms.Deploy.0 = Release|Any CPU
		{48288EC0-CD15-414E-9F72-7E97ECAB92A6}.AppStore|x86.ActiveCfg = Release|Any CPU
		{48288EC0-CD15-414E-9F72-7E97ECAB92A6}.Debug|Any CPU.ActiveCfg = Debug|Any CPU
		{48288EC0-CD15-414E-9F72-7E97ECAB92A6}.Debug|Any CPU.Build.0 = Debug|Any CPU
		{48288EC0-CD15-414E-9F72-7E97ECAB92A6}.Debug|ARM.ActiveCfg = Debug|Any CPU
		{48288EC0-CD15-414E-9F72-7E97ECAB92A6}.Debug|iPhone.ActiveCfg = Debug|Any CPU
		{48288EC0-CD15-414E-9F72-7E97ECAB92A6}.Debug|iPhone.Build.0 = Debug|Any CPU
		{48288EC0-CD15-414E-9F72-7E97ECAB92A6}.Debug|iPhoneSimulator.ActiveCfg = Debug|Any CPU
		{48288EC0-CD15-414E-9F72-7E97ECAB92A6}.Debug|iPhoneSimulator.Build.0 = Debug|Any CPU
		{48288EC0-CD15-414E-9F72-7E97ECAB92A6}.Debug|Mixed Platforms.ActiveCfg = Debug|Any CPU
		{48288EC0-CD15-414E-9F72-7E97ECAB92A6}.Debug|Mixed Platforms.Build.0 = Debug|Any CPU
		{48288EC0-CD15-414E-9F72-7E97ECAB92A6}.Debug|Mixed Platforms.Deploy.0 = Debug|Any CPU
		{48288EC0-CD15-414E-9F72-7E97ECAB92A6}.Debug|x86.ActiveCfg = Debug|Any CPU
		{48288EC0-CD15-414E-9F72-7E97ECAB92A6}.Release|Any CPU.ActiveCfg = Release|Any CPU
		{48288EC0-CD15-414E-9F72-7E97ECAB92A6}.Release|Any CPU.Build.0 = Release|Any CPU
		{48288EC0-CD15-414E-9F72-7E97ECAB92A6}.Release|ARM.ActiveCfg = Release|Any CPU
		{48288EC0-CD15-414E-9F72-7E97ECAB92A6}.Release|iPhone.ActiveCfg = Release|Any CPU
		{48288EC0-CD15-414E-9F72-7E97ECAB92A6}.Release|iPhone.Build.0 = Release|Any CPU
		{48288EC0-CD15-414E-9F72-7E97ECAB92A6}.Release|iPhoneSimulator.ActiveCfg = Release|Any CPU
		{48288EC0-CD15-414E-9F72-7E97ECAB92A6}.Release|iPhoneSimulator.Build.0 = Release|Any CPU
		{48288EC0-CD15-414E-9F72-7E97ECAB92A6}.Release|Mixed Platforms.ActiveCfg = Release|Any CPU
		{48288EC0-CD15-414E-9F72-7E97ECAB92A6}.Release|Mixed Platforms.Build.0 = Release|Any CPU
		{48288EC0-CD15-414E-9F72-7E97ECAB92A6}.Release|Mixed Platforms.Deploy.0 = Release|Any CPU
		{48288EC0-CD15-414E-9F72-7E97ECAB92A6}.Release|x86.ActiveCfg = Release|Any CPU
		{4DF253E8-A110-4F62-915A-516311B406D6}.Ad-Hoc|Any CPU.ActiveCfg = Release|Any CPU
		{4DF253E8-A110-4F62-915A-516311B406D6}.Ad-Hoc|Any CPU.Build.0 = Release|Any CPU
		{4DF253E8-A110-4F62-915A-516311B406D6}.Ad-Hoc|Any CPU.Deploy.0 = Release|Any CPU
		{4DF253E8-A110-4F62-915A-516311B406D6}.Ad-Hoc|ARM.ActiveCfg = Release|ARM
		{4DF253E8-A110-4F62-915A-516311B406D6}.Ad-Hoc|ARM.Build.0 = Release|ARM
		{4DF253E8-A110-4F62-915A-516311B406D6}.Ad-Hoc|ARM.Deploy.0 = Release|ARM
		{4DF253E8-A110-4F62-915A-516311B406D6}.Ad-Hoc|iPhone.ActiveCfg = Release|Any CPU
		{4DF253E8-A110-4F62-915A-516311B406D6}.Ad-Hoc|iPhoneSimulator.ActiveCfg = Release|Any CPU
		{4DF253E8-A110-4F62-915A-516311B406D6}.Ad-Hoc|Mixed Platforms.ActiveCfg = Release|x86
		{4DF253E8-A110-4F62-915A-516311B406D6}.Ad-Hoc|Mixed Platforms.Build.0 = Release|x86
		{4DF253E8-A110-4F62-915A-516311B406D6}.Ad-Hoc|Mixed Platforms.Deploy.0 = Release|x86
		{4DF253E8-A110-4F62-915A-516311B406D6}.Ad-Hoc|x86.ActiveCfg = Release|x86
		{4DF253E8-A110-4F62-915A-516311B406D6}.Ad-Hoc|x86.Build.0 = Release|x86
		{4DF253E8-A110-4F62-915A-516311B406D6}.Ad-Hoc|x86.Deploy.0 = Release|x86
		{4DF253E8-A110-4F62-915A-516311B406D6}.AppStore|Any CPU.ActiveCfg = Release|Any CPU
		{4DF253E8-A110-4F62-915A-516311B406D6}.AppStore|Any CPU.Build.0 = Release|Any CPU
		{4DF253E8-A110-4F62-915A-516311B406D6}.AppStore|Any CPU.Deploy.0 = Release|Any CPU
		{4DF253E8-A110-4F62-915A-516311B406D6}.AppStore|ARM.ActiveCfg = Release|ARM
		{4DF253E8-A110-4F62-915A-516311B406D6}.AppStore|ARM.Build.0 = Release|ARM
		{4DF253E8-A110-4F62-915A-516311B406D6}.AppStore|ARM.Deploy.0 = Release|ARM
		{4DF253E8-A110-4F62-915A-516311B406D6}.AppStore|iPhone.ActiveCfg = Release|Any CPU
		{4DF253E8-A110-4F62-915A-516311B406D6}.AppStore|iPhoneSimulator.ActiveCfg = Release|Any CPU
		{4DF253E8-A110-4F62-915A-516311B406D6}.AppStore|Mixed Platforms.ActiveCfg = Release|x86
		{4DF253E8-A110-4F62-915A-516311B406D6}.AppStore|Mixed Platforms.Build.0 = Release|x86
		{4DF253E8-A110-4F62-915A-516311B406D6}.AppStore|Mixed Platforms.Deploy.0 = Release|x86
		{4DF253E8-A110-4F62-915A-516311B406D6}.AppStore|x86.ActiveCfg = Release|x86
		{4DF253E8-A110-4F62-915A-516311B406D6}.AppStore|x86.Build.0 = Release|x86
		{4DF253E8-A110-4F62-915A-516311B406D6}.AppStore|x86.Deploy.0 = Release|x86
		{4DF253E8-A110-4F62-915A-516311B406D6}.Debug|Any CPU.ActiveCfg = Debug|Any CPU
		{4DF253E8-A110-4F62-915A-516311B406D6}.Debug|Any CPU.Build.0 = Debug|Any CPU
		{4DF253E8-A110-4F62-915A-516311B406D6}.Debug|Any CPU.Deploy.0 = Debug|Any CPU
		{4DF253E8-A110-4F62-915A-516311B406D6}.Debug|ARM.ActiveCfg = Debug|ARM
		{4DF253E8-A110-4F62-915A-516311B406D6}.Debug|ARM.Build.0 = Debug|ARM
		{4DF253E8-A110-4F62-915A-516311B406D6}.Debug|ARM.Deploy.0 = Debug|ARM
		{4DF253E8-A110-4F62-915A-516311B406D6}.Debug|iPhone.ActiveCfg = Debug|Any CPU
		{4DF253E8-A110-4F62-915A-516311B406D6}.Debug|iPhoneSimulator.ActiveCfg = Debug|Any CPU
		{4DF253E8-A110-4F62-915A-516311B406D6}.Debug|Mixed Platforms.ActiveCfg = Debug|x86
		{4DF253E8-A110-4F62-915A-516311B406D6}.Debug|Mixed Platforms.Build.0 = Debug|x86
		{4DF253E8-A110-4F62-915A-516311B406D6}.Debug|Mixed Platforms.Deploy.0 = Debug|x86
		{4DF253E8-A110-4F62-915A-516311B406D6}.Debug|x86.ActiveCfg = Debug|x86
		{4DF253E8-A110-4F62-915A-516311B406D6}.Debug|x86.Build.0 = Debug|x86
		{4DF253E8-A110-4F62-915A-516311B406D6}.Debug|x86.Deploy.0 = Debug|x86
		{4DF253E8-A110-4F62-915A-516311B406D6}.Release|Any CPU.ActiveCfg = Release|Any CPU
		{4DF253E8-A110-4F62-915A-516311B406D6}.Release|Any CPU.Build.0 = Release|Any CPU
		{4DF253E8-A110-4F62-915A-516311B406D6}.Release|Any CPU.Deploy.0 = Release|Any CPU
		{4DF253E8-A110-4F62-915A-516311B406D6}.Release|ARM.ActiveCfg = Release|ARM
		{4DF253E8-A110-4F62-915A-516311B406D6}.Release|ARM.Build.0 = Release|ARM
		{4DF253E8-A110-4F62-915A-516311B406D6}.Release|ARM.Deploy.0 = Release|ARM
		{4DF253E8-A110-4F62-915A-516311B406D6}.Release|iPhone.ActiveCfg = Release|Any CPU
		{4DF253E8-A110-4F62-915A-516311B406D6}.Release|iPhoneSimulator.ActiveCfg = Release|Any CPU
		{4DF253E8-A110-4F62-915A-516311B406D6}.Release|Mixed Platforms.ActiveCfg = Release|x86
		{4DF253E8-A110-4F62-915A-516311B406D6}.Release|Mixed Platforms.Build.0 = Release|x86
		{4DF253E8-A110-4F62-915A-516311B406D6}.Release|Mixed Platforms.Deploy.0 = Release|x86
		{4DF253E8-A110-4F62-915A-516311B406D6}.Release|x86.ActiveCfg = Release|x86
		{4DF253E8-A110-4F62-915A-516311B406D6}.Release|x86.Build.0 = Release|x86
		{4DF253E8-A110-4F62-915A-516311B406D6}.Release|x86.Deploy.0 = Release|x86
		{9C2F1ACE-DB47-465A-B05E-4637177A5387}.Ad-Hoc|Any CPU.ActiveCfg = Release|Any CPU
		{9C2F1ACE-DB47-465A-B05E-4637177A5387}.Ad-Hoc|Any CPU.Build.0 = Release|Any CPU
		{9C2F1ACE-DB47-465A-B05E-4637177A5387}.Ad-Hoc|ARM.ActiveCfg = Release|ARM
		{9C2F1ACE-DB47-465A-B05E-4637177A5387}.Ad-Hoc|ARM.Build.0 = Release|ARM
		{9C2F1ACE-DB47-465A-B05E-4637177A5387}.Ad-Hoc|iPhone.ActiveCfg = Release|Any CPU
		{9C2F1ACE-DB47-465A-B05E-4637177A5387}.Ad-Hoc|iPhoneSimulator.ActiveCfg = Release|Any CPU
		{9C2F1ACE-DB47-465A-B05E-4637177A5387}.Ad-Hoc|Mixed Platforms.ActiveCfg = Release|x86
		{9C2F1ACE-DB47-465A-B05E-4637177A5387}.Ad-Hoc|Mixed Platforms.Build.0 = Release|x86
		{9C2F1ACE-DB47-465A-B05E-4637177A5387}.Ad-Hoc|x86.ActiveCfg = Release|x86
		{9C2F1ACE-DB47-465A-B05E-4637177A5387}.Ad-Hoc|x86.Build.0 = Release|x86
		{9C2F1ACE-DB47-465A-B05E-4637177A5387}.AppStore|Any CPU.ActiveCfg = Release|Any CPU
		{9C2F1ACE-DB47-465A-B05E-4637177A5387}.AppStore|Any CPU.Build.0 = Release|Any CPU
		{9C2F1ACE-DB47-465A-B05E-4637177A5387}.AppStore|ARM.ActiveCfg = Release|ARM
		{9C2F1ACE-DB47-465A-B05E-4637177A5387}.AppStore|ARM.Build.0 = Release|ARM
		{9C2F1ACE-DB47-465A-B05E-4637177A5387}.AppStore|iPhone.ActiveCfg = Release|Any CPU
		{9C2F1ACE-DB47-465A-B05E-4637177A5387}.AppStore|iPhoneSimulator.ActiveCfg = Release|Any CPU
		{9C2F1ACE-DB47-465A-B05E-4637177A5387}.AppStore|Mixed Platforms.ActiveCfg = Release|x86
		{9C2F1ACE-DB47-465A-B05E-4637177A5387}.AppStore|Mixed Platforms.Build.0 = Release|x86
		{9C2F1ACE-DB47-465A-B05E-4637177A5387}.AppStore|x86.ActiveCfg = Release|x86
		{9C2F1ACE-DB47-465A-B05E-4637177A5387}.AppStore|x86.Build.0 = Release|x86
		{9C2F1ACE-DB47-465A-B05E-4637177A5387}.Debug|Any CPU.ActiveCfg = Debug|Any CPU
		{9C2F1ACE-DB47-465A-B05E-4637177A5387}.Debug|Any CPU.Build.0 = Debug|Any CPU
		{9C2F1ACE-DB47-465A-B05E-4637177A5387}.Debug|ARM.ActiveCfg = Debug|ARM
		{9C2F1ACE-DB47-465A-B05E-4637177A5387}.Debug|ARM.Build.0 = Debug|ARM
		{9C2F1ACE-DB47-465A-B05E-4637177A5387}.Debug|iPhone.ActiveCfg = Debug|Any CPU
		{9C2F1ACE-DB47-465A-B05E-4637177A5387}.Debug|iPhoneSimulator.ActiveCfg = Debug|Any CPU
		{9C2F1ACE-DB47-465A-B05E-4637177A5387}.Debug|Mixed Platforms.ActiveCfg = Debug|x86
		{9C2F1ACE-DB47-465A-B05E-4637177A5387}.Debug|Mixed Platforms.Build.0 = Debug|x86
		{9C2F1ACE-DB47-465A-B05E-4637177A5387}.Debug|x86.ActiveCfg = Debug|x86
		{9C2F1ACE-DB47-465A-B05E-4637177A5387}.Debug|x86.Build.0 = Debug|x86
		{9C2F1ACE-DB47-465A-B05E-4637177A5387}.Release|Any CPU.ActiveCfg = Release|Any CPU
		{9C2F1ACE-DB47-465A-B05E-4637177A5387}.Release|Any CPU.Build.0 = Release|Any CPU
		{9C2F1ACE-DB47-465A-B05E-4637177A5387}.Release|ARM.ActiveCfg = Release|ARM
		{9C2F1ACE-DB47-465A-B05E-4637177A5387}.Release|ARM.Build.0 = Release|ARM
		{9C2F1ACE-DB47-465A-B05E-4637177A5387}.Release|iPhone.ActiveCfg = Release|Any CPU
		{9C2F1ACE-DB47-465A-B05E-4637177A5387}.Release|iPhoneSimulator.ActiveCfg = Release|Any CPU
		{9C2F1ACE-DB47-465A-B05E-4637177A5387}.Release|Mixed Platforms.ActiveCfg = Release|x86
		{9C2F1ACE-DB47-465A-B05E-4637177A5387}.Release|Mixed Platforms.Build.0 = Release|x86
		{9C2F1ACE-DB47-465A-B05E-4637177A5387}.Release|x86.ActiveCfg = Release|x86
		{9C2F1ACE-DB47-465A-B05E-4637177A5387}.Release|x86.Build.0 = Release|x86
		{AAE5BE13-8721-4822-A955-DC224EFB4694}.Ad-Hoc|Any CPU.ActiveCfg = Ad-Hoc|iPhone
		{AAE5BE13-8721-4822-A955-DC224EFB4694}.Ad-Hoc|ARM.ActiveCfg = Ad-Hoc|iPhone
		{AAE5BE13-8721-4822-A955-DC224EFB4694}.Ad-Hoc|iPhone.ActiveCfg = Ad-Hoc|iPhone
		{AAE5BE13-8721-4822-A955-DC224EFB4694}.Ad-Hoc|iPhone.Build.0 = Ad-Hoc|iPhone
		{AAE5BE13-8721-4822-A955-DC224EFB4694}.Ad-Hoc|iPhone.Deploy.0 = Ad-Hoc|iPhone
		{AAE5BE13-8721-4822-A955-DC224EFB4694}.Ad-Hoc|iPhoneSimulator.ActiveCfg = Ad-Hoc|iPhoneSimulator
		{AAE5BE13-8721-4822-A955-DC224EFB4694}.Ad-Hoc|iPhoneSimulator.Build.0 = Ad-Hoc|iPhoneSimulator
		{AAE5BE13-8721-4822-A955-DC224EFB4694}.Ad-Hoc|iPhoneSimulator.Deploy.0 = Ad-Hoc|iPhoneSimulator
		{AAE5BE13-8721-4822-A955-DC224EFB4694}.Ad-Hoc|Mixed Platforms.ActiveCfg = Ad-Hoc|iPhone
		{AAE5BE13-8721-4822-A955-DC224EFB4694}.Ad-Hoc|Mixed Platforms.Build.0 = Ad-Hoc|iPhone
		{AAE5BE13-8721-4822-A955-DC224EFB4694}.Ad-Hoc|Mixed Platforms.Deploy.0 = Ad-Hoc|iPhone
		{AAE5BE13-8721-4822-A955-DC224EFB4694}.Ad-Hoc|x86.ActiveCfg = Ad-Hoc|iPhone
		{AAE5BE13-8721-4822-A955-DC224EFB4694}.AppStore|Any CPU.ActiveCfg = AppStore|iPhone
		{AAE5BE13-8721-4822-A955-DC224EFB4694}.AppStore|ARM.ActiveCfg = AppStore|iPhone
		{AAE5BE13-8721-4822-A955-DC224EFB4694}.AppStore|iPhone.ActiveCfg = AppStore|iPhone
		{AAE5BE13-8721-4822-A955-DC224EFB4694}.AppStore|iPhone.Build.0 = AppStore|iPhone
		{AAE5BE13-8721-4822-A955-DC224EFB4694}.AppStore|iPhone.Deploy.0 = AppStore|iPhone
		{AAE5BE13-8721-4822-A955-DC224EFB4694}.AppStore|iPhoneSimulator.ActiveCfg = AppStore|iPhoneSimulator
		{AAE5BE13-8721-4822-A955-DC224EFB4694}.AppStore|iPhoneSimulator.Build.0 = AppStore|iPhoneSimulator
		{AAE5BE13-8721-4822-A955-DC224EFB4694}.AppStore|iPhoneSimulator.Deploy.0 = AppStore|iPhoneSimulator
		{AAE5BE13-8721-4822-A955-DC224EFB4694}.AppStore|Mixed Platforms.ActiveCfg = AppStore|iPhone
		{AAE5BE13-8721-4822-A955-DC224EFB4694}.AppStore|Mixed Platforms.Build.0 = AppStore|iPhone
		{AAE5BE13-8721-4822-A955-DC224EFB4694}.AppStore|Mixed Platforms.Deploy.0 = AppStore|iPhone
		{AAE5BE13-8721-4822-A955-DC224EFB4694}.AppStore|x86.ActiveCfg = AppStore|iPhone
		{AAE5BE13-8721-4822-A955-DC224EFB4694}.Debug|Any CPU.ActiveCfg = Debug|iPhone
		{AAE5BE13-8721-4822-A955-DC224EFB4694}.Debug|ARM.ActiveCfg = Debug|iPhone
		{AAE5BE13-8721-4822-A955-DC224EFB4694}.Debug|iPhone.ActiveCfg = Debug|iPhone
		{AAE5BE13-8721-4822-A955-DC224EFB4694}.Debug|iPhone.Build.0 = Debug|iPhone
		{AAE5BE13-8721-4822-A955-DC224EFB4694}.Debug|iPhone.Deploy.0 = Debug|iPhone
		{AAE5BE13-8721-4822-A955-DC224EFB4694}.Debug|iPhoneSimulator.ActiveCfg = Debug|iPhoneSimulator
		{AAE5BE13-8721-4822-A955-DC224EFB4694}.Debug|iPhoneSimulator.Build.0 = Debug|iPhoneSimulator
		{AAE5BE13-8721-4822-A955-DC224EFB4694}.Debug|iPhoneSimulator.Deploy.0 = Debug|iPhoneSimulator
		{AAE5BE13-8721-4822-A955-DC224EFB4694}.Debug|Mixed Platforms.ActiveCfg = Debug|iPhone
		{AAE5BE13-8721-4822-A955-DC224EFB4694}.Debug|Mixed Platforms.Build.0 = Debug|iPhone
		{AAE5BE13-8721-4822-A955-DC224EFB4694}.Debug|Mixed Platforms.Deploy.0 = Debug|iPhone
		{AAE5BE13-8721-4822-A955-DC224EFB4694}.Debug|x86.ActiveCfg = Debug|iPhone
		{AAE5BE13-8721-4822-A955-DC224EFB4694}.Release|Any CPU.ActiveCfg = Release|iPhone
		{AAE5BE13-8721-4822-A955-DC224EFB4694}.Release|ARM.ActiveCfg = Release|iPhone
		{AAE5BE13-8721-4822-A955-DC224EFB4694}.Release|iPhone.ActiveCfg = Release|iPhone
		{AAE5BE13-8721-4822-A955-DC224EFB4694}.Release|iPhone.Build.0 = Release|iPhone
		{AAE5BE13-8721-4822-A955-DC224EFB4694}.Release|iPhone.Deploy.0 = Release|iPhone
		{AAE5BE13-8721-4822-A955-DC224EFB4694}.Release|iPhoneSimulator.ActiveCfg = Release|iPhoneSimulator
		{AAE5BE13-8721-4822-A955-DC224EFB4694}.Release|iPhoneSimulator.Build.0 = Release|iPhoneSimulator
		{AAE5BE13-8721-4822-A955-DC224EFB4694}.Release|iPhoneSimulator.Deploy.0 = Release|iPhoneSimulator
		{AAE5BE13-8721-4822-A955-DC224EFB4694}.Release|Mixed Platforms.ActiveCfg = Release|iPhone
		{AAE5BE13-8721-4822-A955-DC224EFB4694}.Release|Mixed Platforms.Build.0 = Release|iPhone
		{AAE5BE13-8721-4822-A955-DC224EFB4694}.Release|Mixed Platforms.Deploy.0 = Release|iPhone
		{AAE5BE13-8721-4822-A955-DC224EFB4694}.Release|x86.ActiveCfg = Release|iPhone
		{181E1100-93C9-45F3-9B3E-36FB491EDACA}.Ad-Hoc|Any CPU.ActiveCfg = Release|Any CPU
		{181E1100-93C9-45F3-9B3E-36FB491EDACA}.Ad-Hoc|Any CPU.Build.0 = Release|Any CPU
		{181E1100-93C9-45F3-9B3E-36FB491EDACA}.Ad-Hoc|ARM.ActiveCfg = Release|Any CPU
		{181E1100-93C9-45F3-9B3E-36FB491EDACA}.Ad-Hoc|iPhone.ActiveCfg = Release|Any CPU
		{181E1100-93C9-45F3-9B3E-36FB491EDACA}.Ad-Hoc|iPhoneSimulator.ActiveCfg = Release|Any CPU
		{181E1100-93C9-45F3-9B3E-36FB491EDACA}.Ad-Hoc|Mixed Platforms.ActiveCfg = Release|Any CPU
		{181E1100-93C9-45F3-9B3E-36FB491EDACA}.Ad-Hoc|Mixed Platforms.Build.0 = Release|Any CPU
		{181E1100-93C9-45F3-9B3E-36FB491EDACA}.Ad-Hoc|x86.ActiveCfg = Release|Any CPU
		{181E1100-93C9-45F3-9B3E-36FB491EDACA}.AppStore|Any CPU.ActiveCfg = Release|Any CPU
		{181E1100-93C9-45F3-9B3E-36FB491EDACA}.AppStore|Any CPU.Build.0 = Release|Any CPU
		{181E1100-93C9-45F3-9B3E-36FB491EDACA}.AppStore|ARM.ActiveCfg = Release|Any CPU
		{181E1100-93C9-45F3-9B3E-36FB491EDACA}.AppStore|iPhone.ActiveCfg = Release|Any CPU
		{181E1100-93C9-45F3-9B3E-36FB491EDACA}.AppStore|iPhoneSimulator.ActiveCfg = Release|Any CPU
		{181E1100-93C9-45F3-9B3E-36FB491EDACA}.AppStore|Mixed Platforms.ActiveCfg = Release|Any CPU
		{181E1100-93C9-45F3-9B3E-36FB491EDACA}.AppStore|Mixed Platforms.Build.0 = Release|Any CPU
		{181E1100-93C9-45F3-9B3E-36FB491EDACA}.AppStore|x86.ActiveCfg = Release|Any CPU
		{181E1100-93C9-45F3-9B3E-36FB491EDACA}.Debug|Any CPU.ActiveCfg = Debug|Any CPU
		{181E1100-93C9-45F3-9B3E-36FB491EDACA}.Debug|Any CPU.Build.0 = Debug|Any CPU
		{181E1100-93C9-45F3-9B3E-36FB491EDACA}.Debug|ARM.ActiveCfg = Debug|Any CPU
		{181E1100-93C9-45F3-9B3E-36FB491EDACA}.Debug|iPhone.ActiveCfg = Debug|Any CPU
		{181E1100-93C9-45F3-9B3E-36FB491EDACA}.Debug|iPhoneSimulator.ActiveCfg = Debug|Any CPU
		{181E1100-93C9-45F3-9B3E-36FB491EDACA}.Debug|Mixed Platforms.ActiveCfg = Debug|Any CPU
		{181E1100-93C9-45F3-9B3E-36FB491EDACA}.Debug|Mixed Platforms.Build.0 = Debug|Any CPU
		{181E1100-93C9-45F3-9B3E-36FB491EDACA}.Debug|x86.ActiveCfg = Debug|Any CPU
		{181E1100-93C9-45F3-9B3E-36FB491EDACA}.Release|Any CPU.ActiveCfg = Release|Any CPU
		{181E1100-93C9-45F3-9B3E-36FB491EDACA}.Release|Any CPU.Build.0 = Release|Any CPU
		{181E1100-93C9-45F3-9B3E-36FB491EDACA}.Release|ARM.ActiveCfg = Release|Any CPU
		{181E1100-93C9-45F3-9B3E-36FB491EDACA}.Release|iPhone.ActiveCfg = Release|Any CPU
		{181E1100-93C9-45F3-9B3E-36FB491EDACA}.Release|iPhoneSimulator.ActiveCfg = Release|Any CPU
		{181E1100-93C9-45F3-9B3E-36FB491EDACA}.Release|Mixed Platforms.ActiveCfg = Release|Any CPU
		{181E1100-93C9-45F3-9B3E-36FB491EDACA}.Release|Mixed Platforms.Build.0 = Release|Any CPU
		{181E1100-93C9-45F3-9B3E-36FB491EDACA}.Release|x86.ActiveCfg = Release|Any CPU
	EndGlobalSection
	GlobalSection(SolutionProperties) = preSolution
		HideSolutionNode = FALSE
	EndGlobalSection
	GlobalSection(NestedProjects) = preSolution
		{F382E89E-8745-4AD0-AF1F-F96C461B4CE4} = {2C794E71-EA5C-415F-B444-4D70142B3912}
		{48288EC0-CD15-414E-9F72-7E97ECAB92A6} = {2C794E71-EA5C-415F-B444-4D70142B3912}
		{9C2F1ACE-DB47-465A-B05E-4637177A5387} = {2C794E71-EA5C-415F-B444-4D70142B3912}
		{181E1100-93C9-45F3-9B3E-36FB491EDACA} = {2C794E71-EA5C-415F-B444-4D70142B3912}
	EndGlobalSection
	GlobalSection(MonoDevelopProperties) = preSolution
		StartupItem = Android\Xamarin.Forms.CalendarSampleApp.Android.csproj
	EndGlobalSection
EndGlobal
