
Microsoft Visual Studio Solution File, Format Version 12.00
# Visual Studio 2013
VisualStudioVersion = 12.0.30501.0
MinimumVisualStudioVersion = 10.0.40219.1
Project("{FAE04EC0-301F-11D3-BF4B-00C04F79EFBC}") = "Xamarin.Forms.Calendar", "Xamarin.Forms.Calendar\Xamarin.Forms.Calendar.csproj", "{F382E89E-8745-4AD0-AF1F-F96C461B4CE4}"
EndProject
Project("{FAE04EC0-301F-11D3-BF4B-00C04F79EFBC}") = "Xamarin.Forms.Calendar.Platform.iOS", "Xamarin.Forms.Calendar.Platform.iOS\Xamarin.Forms.Calendar.Platform.iOS.csproj", "{181E1100-93C9-45F3-9B3E-36FB491EDACA}"
EndProject
Project("{FAE04EC0-301F-11D3-BF4B-00C04F79EFBC}") = "Xamarin.Forms.Calendar.Platform.Droid", "Xamarin.Forms.Calendar.Platform.Droid\Xamarin.Forms.Calendar.Platform.Droid.csproj", "{48288EC0-CD15-414E-9F72-7E97ECAB92A6}"
EndProject
Project("{FAE04EC0-301F-11D3-BF4B-00C04F79EFBC}") = "Xamarin.Forms.Calendar.Platform.WP", "Xamarin.Forms.Calendar.Platform.WP\Xamarin.Forms.Calendar.Platform.WP.csproj", "{9C2F1ACE-DB47-465A-B05E-4637177A5387}"
EndProject
Global
	GlobalSection(SolutionConfigurationPlatforms) = preSolution
		Ad-Hoc|Any CPU = Ad-Hoc|Any CPU
		Ad-Hoc|ARM = Ad-Hoc|ARM
		Ad-Hoc|iPhone = Ad-Hoc|iPhone
		Ad-Hoc|iPhoneSimulator = Ad-Hoc|iPhoneSimulator
		Ad-Hoc|x86 = Ad-Hoc|x86
		AppStore|Any CPU = AppStore|Any CPU
		AppStore|ARM = AppStore|ARM
		AppStore|iPhone = AppStore|iPhone
		AppStore|iPhoneSimulator = AppStore|iPhoneSimulator
		AppStore|x86 = AppStore|x86
		Debug|Any CPU = Debug|Any CPU
		Debug|ARM = Debug|ARM
		Debug|iPhone = Debug|iPhone
		Debug|iPhoneSimulator = Debug|iPhoneSimulator
		Debug|x86 = Debug|x86
		Release|Any CPU = Release|Any CPU
		Release|ARM = Release|ARM
		Release|iPhone = Release|iPhone
		Release|iPhoneSimulator = Release|iPhoneSimulator
		Release|x86 = Release|x86
	EndGlobalSection
	GlobalSection(ProjectConfigurationPlatforms) = postSolution
		{F382E89E-8745-4AD0-AF1F-F96C461B4CE4}.Ad-Hoc|Any CPU.ActiveCfg = Release|Any CPU
		{F382E89E-8745-4AD0-AF1F-F96C461B4CE4}.Ad-Hoc|Any CPU.Build.0 = Release|Any CPU
		{F382E89E-8745-4AD0-AF1F-F96C461B4CE4}.Ad-Hoc|ARM.ActiveCfg = Release|Any CPU
		{F382E89E-8745-4AD0-AF1F-F96C461B4CE4}.Ad-Hoc|iPhone.ActiveCfg = Debug|Any CPU
		{F382E89E-8745-4AD0-AF1F-F96C461B4CE4}.Ad-Hoc|iPhone.Build.0 = Debug|Any CPU
		{F382E89E-8745-4AD0-AF1F-F96C461B4CE4}.Ad-Hoc|iPhoneSimulator.ActiveCfg = Release|Any CPU
		{F382E89E-8745-4AD0-AF1F-F96C461B4CE4}.Ad-Hoc|x86.ActiveCfg = Release|Any CPU
		{F382E89E-8745-4AD0-AF1F-F96C461B4CE4}.AppStore|Any CPU.ActiveCfg = Release|Any CPU
		{F382E89E-8745-4AD0-AF1F-F96C461B4CE4}.AppStore|Any CPU.Build.0 = Release|Any CPU
		{F382E89E-8745-4AD0-AF1F-F96C461B4CE4}.AppStore|ARM.ActiveCfg = Release|Any CPU
		{F382E89E-8745-4AD0-AF1F-F96C461B4CE4}.AppStore|iPhone.ActiveCfg = Debug|Any CPU
		{F382E89E-8745-4AD0-AF1F-F96C461B4CE4}.AppStore|iPhone.Build.0 = Debug|Any CPU
		{F382E89E-8745-4AD0-AF1F-F96C461B4CE4}.AppStore|iPhoneSimulator.ActiveCfg = Release|Any CPU
		{F382E89E-8745-4AD0-AF1F-F96C461B4CE4}.AppStore|x86.ActiveCfg = Release|Any CPU
		{F382E89E-8745-4AD0-AF1F-F96C461B4CE4}.Debug|Any CPU.ActiveCfg = Debug|Any CPU
		{F382E89E-8745-4AD0-AF1F-F96C461B4CE4}.Debug|Any CPU.Build.0 = Debug|Any CPU
		{F382E89E-8745-4AD0-AF1F-F96C461B4CE4}.Debug|ARM.ActiveCfg = Debug|Any CPU
		{F382E89E-8745-4AD0-AF1F-F96C461B4CE4}.Debug|iPhone.ActiveCfg = Debug|Any CPU
		{F382E89E-8745-4AD0-AF1F-F96C461B4CE4}.Debug|iPhone.Build.0 = Debug|Any CPU
		{F382E89E-8745-4AD0-AF1F-F96C461B4CE4}.Debug|iPhoneSimulator.ActiveCfg = Debug|Any CPU
		{F382E89E-8745-4AD0-AF1F-F96C461B4CE4}.Debug|iPhoneSimulator.Build.0 = Debug|Any CPU
		{F382E89E-8745-4AD0-AF1F-F96C461B4CE4}.Debug|x86.ActiveCfg = Debug|Any CPU
		{F382E89E-8745-4AD0-AF1F-F96C461B4CE4}.Release|Any CPU.ActiveCfg = Release|Any CPU
		{F382E89E-8745-4AD0-AF1F-F96C461B4CE4}.Release|Any CPU.Build.0 = Release|Any CPU
		{F382E89E-8745-4AD0-AF1F-F96C461B4CE4}.Release|ARM.ActiveCfg = Release|Any CPU
		{F382E89E-8745-4AD0-AF1F-F96C461B4CE4}.Release|iPhone.ActiveCfg = Release|Any CPU
		{F382E89E-8745-4AD0-AF1F-F96C461B4CE4}.Release|iPhone.Build.0 = Release|Any CPU
		{F382E89E-8745-4AD0-AF1F-F96C461B4CE4}.Release|iPhoneSimulator.ActiveCfg = Release|Any CPU
		{F382E89E-8745-4AD0-AF1F-F96C461B4CE4}.Release|iPhoneSimulator.Build.0 = Release|Any CPU
		{F382E89E-8745-4AD0-AF1F-F96C461B4CE4}.Release|x86.ActiveCfg = Release|Any CPU
		{181E1100-93C9-45F3-9B3E-36FB491EDACA}.Ad-Hoc|Any CPU.ActiveCfg = Debug|Any CPU
		{181E1100-93C9-45F3-9B3E-36FB491EDACA}.Ad-Hoc|Any CPU.Build.0 = Debug|Any CPU
		{181E1100-93C9-45F3-9B3E-36FB491EDACA}.Ad-Hoc|ARM.ActiveCfg = Debug|Any CPU
		{181E1100-93C9-45F3-9B3E-36FB491EDACA}.Ad-Hoc|iPhone.ActiveCfg = Release|Any CPU
		{181E1100-93C9-45F3-9B3E-36FB491EDACA}.Ad-Hoc|iPhone.Build.0 = Release|Any CPU
		{181E1100-93C9-45F3-9B3E-36FB491EDACA}.Ad-Hoc|iPhoneSimulator.ActiveCfg = Debug|Any CPU
		{181E1100-93C9-45F3-9B3E-36FB491EDACA}.Ad-Hoc|x86.ActiveCfg = Debug|Any CPU
		{181E1100-93C9-45F3-9B3E-36FB491EDACA}.AppStore|Any CPU.ActiveCfg = Debug|Any CPU
		{181E1100-93C9-45F3-9B3E-36FB491EDACA}.AppStore|Any CPU.Build.0 = Debug|Any CPU
		{181E1100-93C9-45F3-9B3E-36FB491EDACA}.AppStore|ARM.ActiveCfg = Debug|Any CPU
		{181E1100-93C9-45F3-9B3E-36FB491EDACA}.AppStore|iPhone.ActiveCfg = Release|Any CPU
		{181E1100-93C9-45F3-9B3E-36FB491EDACA}.AppStore|iPhone.Build.0 = Release|Any CPU
		{181E1100-93C9-45F3-9B3E-36FB491EDACA}.AppStore|iPhoneSimulator.ActiveCfg = Debug|Any CPU
		{181E1100-93C9-45F3-9B3E-36FB491EDACA}.AppStore|x86.ActiveCfg = Debug|Any CPU
		{181E1100-93C9-45F3-9B3E-36FB491EDACA}.Debug|Any CPU.ActiveCfg = Debug|Any CPU
		{181E1100-93C9-45F3-9B3E-36FB491EDACA}.Debug|Any CPU.Build.0 = Debug|Any CPU
		{181E1100-93C9-45F3-9B3E-36FB491EDACA}.Debug|ARM.ActiveCfg = Debug|Any CPU
		{181E1100-93C9-45F3-9B3E-36FB491EDACA}.Debug|iPhone.ActiveCfg = Debug|Any CPU
		{181E1100-93C9-45F3-9B3E-36FB491EDACA}.Debug|iPhone.Build.0 = Debug|Any CPU
		{181E1100-93C9-45F3-9B3E-36FB491EDACA}.Debug|iPhoneSimulator.ActiveCfg = Debug|Any CPU
		{181E1100-93C9-45F3-9B3E-36FB491EDACA}.Debug|iPhoneSimulator.Build.0 = Debug|Any CPU
		{181E1100-93C9-45F3-9B3E-36FB491EDACA}.Debug|x86.ActiveCfg = Debug|Any CPU
		{181E1100-93C9-45F3-9B3E-36FB491EDACA}.Release|Any CPU.ActiveCfg = Release|Any CPU
		{181E1100-93C9-45F3-9B3E-36FB491EDACA}.Release|Any CPU.Build.0 = Release|Any CPU
		{181E1100-93C9-45F3-9B3E-36FB491EDACA}.Release|ARM.ActiveCfg = Release|Any CPU
		{181E1100-93C9-45F3-9B3E-36FB491EDACA}.Release|iPhone.ActiveCfg = Release|Any CPU
		{181E1100-93C9-45F3-9B3E-36FB491EDACA}.Release|iPhone.Build.0 = Release|Any CPU
		{181E1100-93C9-45F3-9B3E-36FB491EDACA}.Release|iPhoneSimulator.ActiveCfg = Release|Any CPU
		{181E1100-93C9-45F3-9B3E-36FB491EDACA}.Release|iPhoneSimulator.Build.0 = Release|Any CPU
		{181E1100-93C9-45F3-9B3E-36FB491EDACA}.Release|x86.ActiveCfg = Release|Any CPU
		{48288EC0-CD15-414E-9F72-7E97ECAB92A6}.Ad-Hoc|Any CPU.ActiveCfg = Release|Any CPU
		{48288EC0-CD15-414E-9F72-7E97ECAB92A6}.Ad-Hoc|Any CPU.Build.0 = Release|Any CPU
		{48288EC0-CD15-414E-9F72-7E97ECAB92A6}.Ad-Hoc|Any CPU.Deploy.0 = Release|Any CPU
		{48288EC0-CD15-414E-9F72-7E97ECAB92A6}.Ad-Hoc|ARM.ActiveCfg = Release|Any CPU
		{48288EC0-CD15-414E-9F72-7E97ECAB92A6}.Ad-Hoc|iPhone.ActiveCfg = Release|Any CPU
		{48288EC0-CD15-414E-9F72-7E97ECAB92A6}.Ad-Hoc|iPhoneSimulator.ActiveCfg = Release|Any CPU
		{48288EC0-CD15-414E-9F72-7E97ECAB92A6}.Ad-Hoc|x86.ActiveCfg = Release|Any CPU
		{48288EC0-CD15-414E-9F72-7E97ECAB92A6}.AppStore|Any CPU.ActiveCfg = Release|Any CPU
		{48288EC0-CD15-414E-9F72-7E97ECAB92A6}.AppStore|Any CPU.Build.0 = Release|Any CPU
		{48288EC0-CD15-414E-9F72-7E97ECAB92A6}.AppStore|Any CPU.Deploy.0 = Release|Any CPU
		{48288EC0-CD15-414E-9F72-7E97ECAB92A6}.AppStore|ARM.ActiveCfg = Release|Any CPU
		{48288EC0-CD15-414E-9F72-7E97ECAB92A6}.AppStore|iPhone.ActiveCfg = Release|Any CPU
		{48288EC0-CD15-414E-9F72-7E97ECAB92A6}.AppStore|iPhoneSimulator.ActiveCfg = Release|Any CPU
		{48288EC0-CD15-414E-9F72-7E97ECAB92A6}.AppStore|x86.ActiveCfg = Release|Any CPU
		{48288EC0-CD15-414E-9F72-7E97ECAB92A6}.Debug|Any CPU.ActiveCfg = Debug|Any CPU
		{48288EC0-CD15-414E-9F72-7E97ECAB92A6}.Debug|Any CPU.Build.0 = Debug|Any CPU
		{48288EC0-CD15-414E-9F72-7E97ECAB92A6}.Debug|Any CPU.Deploy.0 = Debug|Any CPU
		{48288EC0-CD15-414E-9F72-7E97ECAB92A6}.Debug|ARM.ActiveCfg = Debug|Any CPU
		{48288EC0-CD15-414E-9F72-7E97ECAB92A6}.Debug|iPhone.ActiveCfg = Debug|Any CPU
		{48288EC0-CD15-414E-9F72-7E97ECAB92A6}.Debug|iPhoneSimulator.ActiveCfg = Debug|Any CPU
		{48288EC0-CD15-414E-9F72-7E97ECAB92A6}.Debug|x86.ActiveCfg = Debug|Any CPU
		{48288EC0-CD15-414E-9F72-7E97ECAB92A6}.Release|Any CPU.ActiveCfg = Release|Any CPU
		{48288EC0-CD15-414E-9F72-7E97ECAB92A6}.Release|Any CPU.Build.0 = Release|Any CPU
		{48288EC0-CD15-414E-9F72-7E97ECAB92A6}.Release|Any CPU.Deploy.0 = Release|Any CPU
		{48288EC0-CD15-414E-9F72-7E97ECAB92A6}.Release|ARM.ActiveCfg = Release|Any CPU
		{48288EC0-CD15-414E-9F72-7E97ECAB92A6}.Release|iPhone.ActiveCfg = Release|Any CPU
		{48288EC0-CD15-414E-9F72-7E97ECAB92A6}.Release|iPhoneSimulator.ActiveCfg = Release|Any CPU
		{48288EC0-CD15-414E-9F72-7E97ECAB92A6}.Release|x86.ActiveCfg = Release|Any CPU
		{9C2F1ACE-DB47-465A-B05E-4637177A5387}.Ad-Hoc|Any CPU.ActiveCfg = Release|Any CPU
		{9C2F1ACE-DB47-465A-B05E-4637177A5387}.Ad-Hoc|Any CPU.Build.0 = Release|Any CPU
		{9C2F1ACE-DB47-465A-B05E-4637177A5387}.Ad-Hoc|ARM.ActiveCfg = Release|ARM
		{9C2F1ACE-DB47-465A-B05E-4637177A5387}.Ad-Hoc|ARM.Build.0 = Release|ARM
		{9C2F1ACE-DB47-465A-B05E-4637177A5387}.Ad-Hoc|iPhone.ActiveCfg = Release|Any CPU
		{9C2F1ACE-DB47-465A-B05E-4637177A5387}.Ad-Hoc|iPhoneSimulator.ActiveCfg = Release|Any CPU
		{9C2F1ACE-DB47-465A-B05E-4637177A5387}.Ad-Hoc|x86.ActiveCfg = Release|x86
		{9C2F1ACE-DB47-465A-B05E-4637177A5387}.Ad-Hoc|x86.Build.0 = Release|x86
		{9C2F1ACE-DB47-465A-B05E-4637177A5387}.AppStore|Any CPU.ActiveCfg = Release|Any CPU
		{9C2F1ACE-DB47-465A-B05E-4637177A5387}.AppStore|Any CPU.Build.0 = Release|Any CPU
		{9C2F1ACE-DB47-465A-B05E-4637177A5387}.AppStore|ARM.ActiveCfg = Release|ARM
		{9C2F1ACE-DB47-465A-B05E-4637177A5387}.AppStore|ARM.Build.0 = Release|ARM
		{9C2F1ACE-DB47-465A-B05E-4637177A5387}.AppStore|iPhone.ActiveCfg = Release|Any CPU
		{9C2F1ACE-DB47-465A-B05E-4637177A5387}.AppStore|iPhoneSimulator.ActiveCfg = Release|Any CPU
		{9C2F1ACE-DB47-465A-B05E-4637177A5387}.AppStore|x86.ActiveCfg = Release|x86
		{9C2F1ACE-DB47-465A-B05E-4637177A5387}.AppStore|x86.Build.0 = Release|x86
		{9C2F1ACE-DB47-465A-B05E-4637177A5387}.Debug|Any CPU.ActiveCfg = Debug|Any CPU
		{9C2F1ACE-DB47-465A-B05E-4637177A5387}.Debug|Any CPU.Build.0 = Debug|Any CPU
		{9C2F1ACE-DB47-465A-B05E-4637177A5387}.Debug|ARM.ActiveCfg = Debug|ARM
		{9C2F1ACE-DB47-465A-B05E-4637177A5387}.Debug|ARM.Build.0 = Debug|ARM
		{9C2F1ACE-DB47-465A-B05E-4637177A5387}.Debug|iPhone.ActiveCfg = Debug|Any CPU
		{9C2F1ACE-DB47-465A-B05E-4637177A5387}.Debug|iPhoneSimulator.ActiveCfg = Debug|Any CPU
		{9C2F1ACE-DB47-465A-B05E-4637177A5387}.Debug|x86.ActiveCfg = Debug|x86
		{9C2F1ACE-DB47-465A-B05E-4637177A5387}.Debug|x86.Build.0 = Debug|x86
		{9C2F1ACE-DB47-465A-B05E-4637177A5387}.Release|Any CPU.ActiveCfg = Release|Any CPU
		{9C2F1ACE-DB47-465A-B05E-4637177A5387}.Release|Any CPU.Build.0 = Release|Any CPU
		{9C2F1ACE-DB47-465A-B05E-4637177A5387}.Release|ARM.ActiveCfg = Release|ARM
		{9C2F1ACE-DB47-465A-B05E-4637177A5387}.Release|ARM.Build.0 = Release|ARM
		{9C2F1ACE-DB47-465A-B05E-4637177A5387}.Release|iPhone.ActiveCfg = Release|Any CPU
		{9C2F1ACE-DB47-465A-B05E-4637177A5387}.Release|iPhoneSimulator.ActiveCfg = Release|Any CPU
		{9C2F1ACE-DB47-465A-B05E-4637177A5387}.Release|x86.ActiveCfg = Release|x86
		{9C2F1ACE-DB47-465A-B05E-4637177A5387}.Release|x86.Build.0 = Release|x86
	EndGlobalSection
	GlobalSection(SolutionProperties) = preSolution
		HideSolutionNode = FALSE
	EndGlobalSection
	GlobalSection(MonoDevelopProperties) = preSolution
		StartupItem = Xamarin.Forms.Calendar\Xamarin.Forms.Calendar.csproj
	EndGlobalSection
EndGlobal
